// !$*UTF8*$!
{
	archiveVersion = 1;
	classes = {
	};
	objectVersion = 46;
	objects = {

/* Begin PBXBuildFile section */
		18080E6F1A3FD3DD00790D93 /* main.m in Sources */ = {isa = PBXBuildFile; fileRef = 18080E6E1A3FD3DD00790D93 /* main.m */; };
		18080E721A3FD3DD00790D93 /* AppDelegate.m in Sources */ = {isa = PBXBuildFile; fileRef = 18080E711A3FD3DD00790D93 /* AppDelegate.m */; };
		18080E751A3FD3DD00790D93 /* ViewController.m in Sources */ = {isa = PBXBuildFile; fileRef = 18080E741A3FD3DD00790D93 /* ViewController.m */; };
		18080E781A3FD3DD00790D93 /* Main.storyboard in Resources */ = {isa = PBXBuildFile; fileRef = 18080E761A3FD3DD00790D93 /* Main.storyboard */; };
		18080E7A1A3FD3DD00790D93 /* Images.xcassets in Resources */ = {isa = PBXBuildFile; fileRef = 18080E791A3FD3DD00790D93 /* Images.xcassets */; };
		18080E7D1A3FD3DD00790D93 /* LaunchScreen.xib in Resources */ = {isa = PBXBuildFile; fileRef = 18080E7B1A3FD3DD00790D93 /* LaunchScreen.xib */; };
		18080E891A3FD3DD00790D93 /* A03_____Tests.m in Sources */ = {isa = PBXBuildFile; fileRef = 18080E881A3FD3DD00790D93 /* A03_____Tests.m */; };
		18080E941A3FD3F600790D93 /* CZPerson.m in Sources */ = {isa = PBXBuildFile; fileRef = 18080E931A3FD3F600790D93 /* CZPerson.m */; };
		18080E971A3FD5C800790D93 /* CZZJ.m in Sources */ = {isa = PBXBuildFile; fileRef = 18080E961A3FD5C800790D93 /* CZZJ.m */; };
/* End PBXBuildFile section */

/* Begin PBXContainerItemProxy section */
		18080E831A3FD3DD00790D93 /* PBXContainerItemProxy */ = {
			isa = PBXContainerItemProxy;
			containerPortal = 18080E611A3FD3DC00790D93 /* Project object */;
			proxyType = 1;
			remoteGlobalIDString = 18080E681A3FD3DC00790D93;
			remoteInfo = "A03-复习代理";
		};
/* End PBXContainerItemProxy section */

/* Begin PBXFileReference section */
		18080E691A3FD3DD00790D93 /* A03-复习代理.app */ = {isa = PBXFileReference; explicitFileType = wrapper.application; includeInIndex = 0; path = "A03-复习代理.app"; sourceTree = BUILT_PRODUCTS_DIR; };
		18080E6D1A3FD3DD00790D93 /* Info.plist */ = {isa = PBXFileReference; lastKnownFileType = text.plist.xml; path = Info.plist; sourceTree = "<group>"; };
		18080E6E1A3FD3DD00790D93 /* main.m */ = {isa = PBXFileReference; lastKnownFileType = sourcecode.c.objc; path = main.m; sourceTree = "<group>"; };
		18080E701A3FD3DD00790D93 /* AppDelegate.h */ = {isa = PBXFileReference; lastKnownFileType = sourcecode.c.h; path = AppDelegate.h; sourceTree = "<group>"; };
		18080E711A3FD3DD00790D93 /* AppDelegate.m */ = {isa = PBXFileReference; lastKnownFileType = sourcecode.c.objc; path = AppDelegate.m; sourceTree = "<group>"; };
		18080E731A3FD3DD00790D93 /* ViewController.h */ = {isa = PBXFileReference; lastKnownFileType = sourcecode.c.h; path = ViewController.h; sourceTree = "<group>"; };
		18080E741A3FD3DD00790D93 /* ViewController.m */ = {isa = PBXFileReference; lastKnownFileType = sourcecode.c.objc; path = ViewController.m; sourceTree = "<group>"; };
		18080E771A3FD3DD00790D93 /* Base */ = {isa = PBXFileReference; lastKnownFileType = file.storyboard; name = Base; path = Base.lproj/Main.storyboard; sourceTree = "<group>"; };
		18080E791A3FD3DD00790D93 /* Images.xcassets */ = {isa = PBXFileReference; lastKnownFileType = folder.assetcatalog; path = Images.xcassets; sourceTree = "<group>"; };
		18080E7C1A3FD3DD00790D93 /* Base */ = {isa = PBXFileReference; lastKnownFileType = file.xib; name = Base; path = Base.lproj/LaunchScreen.xib; sourceTree = "<group>"; };
		18080E821A3FD3DD00790D93 /* A03-复习代理Tests.xctest */ = {isa = PBXFileReference; explicitFileType = wrapper.cfbundle; includeInIndex = 0; path = "A03-复习代理Tests.xctest"; sourceTree = BUILT_PRODUCTS_DIR; };
		18080E871A3FD3DD00790D93 /* Info.plist */ = {isa = PBXFileReference; lastKnownFileType = text.plist.xml; path = Info.plist; sourceTree = "<group>"; };
		18080E881A3FD3DD00790D93 /* A03_____Tests.m */ = {isa = PBXFileReference; lastKnownFileType = sourcecode.c.objc; path = "A03_____Tests.m"; sourceTree = "<group>"; };
		18080E921A3FD3F600790D93 /* CZPerson.h */ = {isa = PBXFileReference; fileEncoding = 4; lastKnownFileType = sourcecode.c.h; path = CZPerson.h; sourceTree = "<group>"; };
		18080E931A3FD3F600790D93 /* CZPerson.m */ = {isa = PBXFileReference; fileEncoding = 4; lastKnownFileType = sourcecode.c.objc; path = CZPerson.m; sourceTree = "<group>"; };
		18080E951A3FD5C800790D93 /* CZZJ.h */ = {isa = PBXFileReference; fileEncoding = 4; lastKnownFileType = sourcecode.c.h; path = CZZJ.h; sourceTree = "<group>"; };
		18080E961A3FD5C800790D93 /* CZZJ.m */ = {isa = PBXFileReference; fileEncoding = 4; lastKnownFileType = sourcecode.c.objc; path = CZZJ.m; sourceTree = "<group>"; };
/* End PBXFileReference section */

/* Begin PBXFrameworksBuildPhase section */
		18080E661A3FD3DC00790D93 /* Frameworks */ = {
			isa = PBXFrameworksBuildPhase;
			buildActionMask = 2147483647;
			files = (
			);
			runOnlyForDeploymentPostprocessing = 0;
		};
		18080E7F1A3FD3DD00790D93 /* Frameworks */ = {
			isa = PBXFrameworksBuildPhase;
			buildActionMask = 2147483647;
			files = (
			);
			runOnlyForDeploymentPostprocessing = 0;
		};
/* End PBXFrameworksBuildPhase section */

/* Begin PBXGroup section */
		18080E601A3FD3DC00790D93 = {
			isa = PBXGroup;
			children = (
				18080E6B1A3FD3DD00790D93 /* A03-复习代理 */,
				18080E851A3FD3DD00790D93 /* A03-复习代理Tests */,
				18080E6A1A3FD3DD00790D93 /* Products */,
			);
			sourceTree = "<group>";
		};
		18080E6A1A3FD3DD00790D93 /* Products */ = {
			isa = PBXGroup;
			children = (
				18080E691A3FD3DD00790D93 /* A03-复习代理.app */,
				18080E821A3FD3DD00790D93 /* A03-复习代理Tests.xctest */,
			);
			name = Products;
			sourceTree = "<group>";
		};
		18080E6B1A3FD3DD00790D93 /* A03-复习代理 */ = {
			isa = PBXGroup;
			children = (
				18080E701A3FD3DD00790D93 /* AppDelegate.h */,
				18080E711A3FD3DD00790D93 /* AppDelegate.m */,
				18080E731A3FD3DD00790D93 /* ViewController.h */,
				18080E741A3FD3DD00790D93 /* ViewController.m */,
				18080E761A3FD3DD00790D93 /* Main.storyboard */,
				18080E791A3FD3DD00790D93 /* Images.xcassets */,
				18080E7B1A3FD3DD00790D93 /* LaunchScreen.xib */,
				18080E6C1A3FD3DD00790D93 /* Supporting Files */,
				18080E921A3FD3F600790D93 /* CZPerson.h */,
				18080E931A3FD3F600790D93 /* CZPerson.m */,
				18080E951A3FD5C800790D93 /* CZZJ.h */,
				18080E961A3FD5C800790D93 /* CZZJ.m */,
			);
			path = "A03-复习代理";
			sourceTree = "<group>";
		};
		18080E6C1A3FD3DD00790D93 /* Supporting Files */ = {
			isa = PBXGroup;
			children = (
				18080E6D1A3FD3DD00790D93 /* Info.plist */,
				18080E6E1A3FD3DD00790D93 /* main.m */,
			);
			name = "Supporting Files";
			sourceTree = "<group>";
		};
		18080E851A3FD3DD00790D93 /* A03-复习代理Tests */ = {
			isa = PBXGroup;
			children = (
				18080E881A3FD3DD00790D93 /* A03_____Tests.m */,
				18080E861A3FD3DD00790D93 /* Supporting Files */,
			);
			path = "A03-复习代理Tests";
			sourceTree = "<group>";
		};
		18080E861A3FD3DD00790D93 /* Supporting Files */ = {
			isa = PBXGroup;
			children = (
				18080E871A3FD3DD00790D93 /* Info.plist */,
			);
			name = "Supporting Files";
			sourceTree = "<group>";
		};
/* End PBXGroup section */

/* Begin PBXNativeTarget section */
		18080E681A3FD3DC00790D93 /* A03-复习代理 */ = {
			isa = PBXNativeTarget;
			buildConfigurationList = 18080E8C1A3FD3DD00790D93 /* Build configuration list for PBXNativeTarget "A03-复习代理" */;
			buildPhases = (
				18080E651A3FD3DC00790D93 /* Sources */,
				18080E661A3FD3DC00790D93 /* Frameworks */,
				18080E671A3FD3DC00790D93 /* Resources */,
			);
			buildRules = (
			);
			dependencies = (
			);
			name = "A03-复习代理";
			productName = "A03-复习代理";
			productReference = 18080E691A3FD3DD00790D93 /* A03-复习代理.app */;
			productType = "com.apple.product-type.application";
		};
		18080E811A3FD3DD00790D93 /* A03-复习代理Tests */ = {
			isa = PBXNativeTarget;
			buildConfigurationList = 18080E8F1A3FD3DD00790D93 /* Build configuration list for PBXNativeTarget "A03-复习代理Tests" */;
			buildPhases = (
				18080E7E1A3FD3DD00790D93 /* Sources */,
				18080E7F1A3FD3DD00790D93 /* Frameworks */,
				18080E801A3FD3DD00790D93 /* Resources */,
			);
			buildRules = (
			);
			dependencies = (
				18080E841A3FD3DD00790D93 /* PBXTargetDependency */,
			);
			name = "A03-复习代理Tests";
			productName = "A03-复习代理Tests";
			productReference = 18080E821A3FD3DD00790D93 /* A03-复习代理Tests.xctest */;
			productType = "com.apple.product-type.bundle.unit-test";
		};
/* End PBXNativeTarget section */

/* Begin PBXProject section */
		18080E611A3FD3DC00790D93 /* Project object */ = {
			isa = PBXProject;
			attributes = {
				LastUpgradeCheck = 0610;
				ORGANIZATIONNAME = itcast;
				TargetAttributes = {
					18080E681A3FD3DC00790D93 = {
						CreatedOnToolsVersion = 6.1;
					};
					18080E811A3FD3DD00790D93 = {
						CreatedOnToolsVersion = 6.1;
						TestTargetID = 18080E681A3FD3DC00790D93;
					};
				};
			};
			buildConfigurationList = 18080E641A3FD3DC00790D93 /* Build configuration list for PBXProject "A03-复习代理" */;
			compatibilityVersion = "Xcode 3.2";
			developmentRegion = English;
			hasScannedForEncodings = 0;
			knownRegions = (
				en,
				Base,
			);
			mainGroup = 18080E601A3FD3DC00790D93;
			productRefGroup = 18080E6A1A3FD3DD00790D93 /* Products */;
			projectDirPath = "";
			projectRoot = "";
			targets = (
				18080E681A3FD3DC00790D93 /* A03-复习代理 */,
				18080E811A3FD3DD00790D93 /* A03-复习代理Tests */,
			);
		};
/* End PBXProject section */

/* Begin PBXResourcesBuildPhase section */
		18080E671A3FD3DC00790D93 /* Resources */ = {
			isa = PBXResourcesBuildPhase;
			buildActionMask = 2147483647;
			files = (
				18080E781A3FD3DD00790D93 /* Main.storyboard in Resources */,
				18080E7D1A3FD3DD00790D93 /* LaunchScreen.xib in Resources */,
				18080E7A1A3FD3DD00790D93 /* Images.xcassets in Resources */,
			);
			runOnlyForDeploymentPostprocessing = 0;
		};
		18080E801A3FD3DD00790D93 /* Resources */ = {
			isa = PBXResourcesBuildPhase;
			buildActionMask = 2147483647;
			files = (
			);
			runOnlyForDeploymentPostprocessing = 0;
		};
/* End PBXResourcesBuildPhase section */

/* Begin PBXSourcesBuildPhase section */
		18080E651A3FD3DC00790D93 /* Sources */ = {
			isa = PBXSourcesBuildPhase;
			buildActionMask = 2147483647;
			files = (
				18080E971A3FD5C800790D93 /* CZZJ.m in Sources */,
				18080E751A3FD3DD00790D93 /* ViewController.m in Sources */,
				18080E941A3FD3F600790D93 /* CZPerson.m in Sources */,
				18080E721A3FD3DD00790D93 /* AppDelegate.m in Sources */,
				18080E6F1A3FD3DD00790D93 /* main.m in Sources */,
			);
			runOnlyForDeploymentPostprocessing = 0;
		};
		18080E7E1A3FD3DD00790D93 /* Sources */ = {
			isa = PBXSourcesBuildPhase;
			buildActionMask = 2147483647;
			files = (
				18080E891A3FD3DD00790D93 /* A03_____Tests.m in Sources */,
			);
			runOnlyForDeploymentPostprocessing = 0;
		};
/* End PBXSourcesBuildPhase section */

/* Begin PBXTargetDependency section */
		18080E841A3FD3DD00790D93 /* PBXTargetDependency */ = {
			isa = PBXTargetDependency;
			target = 18080E681A3FD3DC00790D93 /* A03-复习代理 */;
			targetProxy = 18080E831A3FD3DD00790D93 /* PBXContainerItemProxy */;
		};
/* End PBXTargetDependency section */

/* Begin PBXVariantGroup section */
		18080E761A3FD3DD00790D93 /* Main.storyboard */ = {
			isa = PBXVariantGroup;
			children = (
				18080E771A3FD3DD00790D93 /* Base */,
			);
			name = Main.storyboard;
			sourceTree = "<group>";
		};
		18080E7B1A3FD3DD00790D93 /* LaunchScreen.xib */ = {
			isa = PBXVariantGroup;
			children = (
				18080E7C1A3FD3DD00790D93 /* Base */,
			);
			name = LaunchScreen.xib;
			sourceTree = "<group>";
		};
/* End PBXVariantGroup section */

/* Begin XCBuildConfiguration section */
		18080E8A1A3FD3DD00790D93 /* Debug */ = {
			isa = XCBuildConfiguration;
			buildSettings = {
				ALWAYS_SEARCH_USER_PATHS = NO;
				CLANG_CXX_LANGUAGE_STANDARD = "gnu++0x";
				CLANG_CXX_LIBRARY = "libc++";
				CLANG_ENABLE_MODULES = YES;
				CLANG_ENABLE_OBJC_ARC = YES;
				CLANG_WARN_BOOL_CONVERSION = YES;
				CLANG_WARN_CONSTANT_CONVERSION = YES;
				CLANG_WARN_DIRECT_OBJC_ISA_USAGE = YES_ERROR;
				CLANG_WARN_EMPTY_BODY = YES;
				CLANG_WARN_ENUM_CONVERSION = YES;
				CLANG_WARN_INT_CONVERSION = YES;
				CLANG_WARN_OBJC_ROOT_CLASS = YES_ERROR;
				CLANG_WARN_UNREACHABLE_CODE = YES;
				CLANG_WARN__DUPLICATE_METHOD_MATCH = YES;
				"CODE_SIGN_IDENTITY[sdk=iphoneos*]" = "iPhone Developer";
				COPY_PHASE_STRIP = NO;
				ENABLE_STRICT_OBJC_MSGSEND = YES;
				GCC_C_LANGUAGE_STANDARD = gnu99;
				GCC_DYNAMIC_NO_PIC = NO;
				GCC_OPTIMIZATION_LEVEL = 0;
				GCC_PREPROCESSOR_DEFINITIONS = (
					"DEBUG=1",
					"$(inherited)",
				);
				GCC_SYMBOLS_PRIVATE_EXTERN = NO;
				GCC_WARN_64_TO_32_BIT_CONVERSION = YES;
				GCC_WARN_ABOUT_RETURN_TYPE = YES_ERROR;
				GCC_WARN_UNDECLARED_SELECTOR = YES;
				GCC_WARN_UNINITIALIZED_AUTOS = YES_AGGRESSIVE;
				GCC_WARN_UNUSED_FUNCTION = YES;
				GCC_WARN_UNUSED_VARIABLE = YES;
				IPHONEOS_DEPLOYMENT_TARGET = 8.1;
				MTL_ENABLE_DEBUG_INFO = YES;
				ONLY_ACTIVE_ARCH = YES;
				SDKROOT = iphoneos;
			};
			name = Debug;
		};
		18080E8B1A3FD3DD00790D93 /* Release */ = {
			isa = XCBuildConfiguration;
			buildSettings = {
				ALWAYS_SEARCH_USER_PATHS = NO;
				CLANG_CXX_LANGUAGE_STANDARD = "gnu++0x";
				CLANG_CXX_LIBRARY = "libc++";
				CLANG_ENABLE_MODULES = YES;
				CLANG_ENABLE_OBJC_ARC = YES;
				CLANG_WARN_BOOL_CONVERSION = YES;
				CLANG_WARN_CONSTANT_CONVERSION = YES;
				CLANG_WARN_DIRECT_OBJC_ISA_USAGE = YES_ERROR;
				CLANG_WARN_EMPTY_BODY = YES;
				CLANG_WARN_ENUM_CONVERSION = YES;
				CLANG_WARN_INT_CONVERSION = YES;
				CLANG_WARN_OBJC_ROOT_CLASS = YES_ERROR;
				CLANG_WARN_UNREACHABLE_CODE = YES;
				CLANG_WARN__DUPLICATE_METHOD_MATCH = YES;
				"CODE_SIGN_IDENTITY[sdk=iphoneos*]" = "iPhone Developer";
				COPY_PHASE_STRIP = YES;
				ENABLE_NS_ASSERTIONS = NO;
				ENABLE_STRICT_OBJC_MSGSEND = YES;
				GCC_C_LANGUAGE_STANDARD = gnu99;
				GCC_WARN_64_TO_32_BIT_CONVERSION = YES;
				GCC_WARN_ABOUT_RETURN_TYPE = YES_ERROR;
				GCC_WARN_UNDECLARED_SELECTOR = YES;
				GCC_WARN_UNINITIALIZED_AUTOS = YES_AGGRESSIVE;
				GCC_WARN_UNUSED_FUNCTION = YES;
				GCC_WARN_UNUSED_VARIABLE = YES;
				IPHONEOS_DEPLOYMENT_TARGET = 8.1;
				MTL_ENABLE_DEBUG_INFO = NO;
				SDKROOT = iphoneos;
				VALIDATE_PRODUCT = YES;
			};
			name = Release;
		};
		18080E8D1A3FD3DD00790D93 /* Debug */ = {
			isa = XCBuildConfiguration;
			buildSettings = {
				ASSETCATALOG_COMPILER_APPICON_NAME = AppIcon;
				INFOPLIST_FILE = "A03-复习代理/Info.plist";
				LD_RUNPATH_SEARCH_PATHS = "$(inherited) @executable_path/Frameworks";
				PRODUCT_NAME = "$(TARGET_NAME)";
			};
			name = Debug;
		};
		18080E8E1A3FD3DD00790D93 /* Release */ = {
			isa = XCBuildConfiguration;
			buildSettings = {
				ASSETCATALOG_COMPILER_APPICON_NAME = AppIcon;
				INFOPLIST_FILE = "A03-复习代理/Info.plist";
				LD_RUNPATH_SEARCH_PATHS = "$(inherited) @executable_path/Frameworks";
				PRODUCT_NAME = "$(TARGET_NAME)";
			};
			name = Release;
		};
		18080E901A3FD3DD00790D93 /* Debug */ = {
			isa = XCBuildConfiguration;
			buildSettings = {
				BUNDLE_LOADER = "$(TEST_HOST)";
				FRAMEWORK_SEARCH_PATHS = (
					"$(SDKROOT)/Developer/Library/Frameworks",
					"$(inherited)",
				);
				GCC_PREPROCESSOR_DEFINITIONS = (
					"DEBUG=1",
					"$(inherited)",
				);
				INFOPLIST_FILE = "A03-复习代理Tests/Info.plist";
				LD_RUNPATH_SEARCH_PATHS = "$(inherited) @executable_path/Frameworks @loader_path/Frameworks";
				PRODUCT_NAME = "$(TARGET_NAME)";
				TEST_HOST = "$(BUILT_PRODUCTS_DIR)/A03-复习代理.app/A03-复习代理";
			};
			name = Debug;
		};
		18080E911A3FD3DD00790D93 /* Release */ = {
			isa = XCBuildConfiguration;
			buildSettings = {
				BUNDLE_LOADER = "$(TEST_HOST)";
				FRAMEWORK_SEARCH_PATHS = (
					"$(SDKROOT)/Developer/Library/Frameworks",
					"$(inherited)",
				);
				INFOPLIST_FILE = "A03-复习代理Tests/Info.plist";
				LD_RUNPATH_SEARCH_PATHS = "$(inherited) @executable_path/Frameworks @loader_path/Frameworks";
				PRODUCT_NAME = "$(TARGET_NAME)";
				TEST_HOST = "$(BUILT_PRODUCTS_DIR)/A03-复习代理.app/A03-复习代理";
			};
			name = Release;
		};
/* End XCBuildConfiguration section */

/* Begin XCConfigurationList section */
		18080E641A3FD3DC00790D93 /* Build configuration list for PBXProject "A03-复习代理" */ = {
			isa = XCConfigurationList;
			buildConfigurations = (
				18080E8A1A3FD3DD00790D93 /* Debug */,
				18080E8B1A3FD3DD00790D93 /* Release */,
			);
			defaultConfigurationIsVisible = 0;
			defaultConfigurationName = Release;
		};
		18080E8C1A3FD3DD00790D93 /* Build configuration list for PBXNativeTarget "A03-复习代理" */ = {
			isa = XCConfigurationList;
			buildConfigurations = (
				18080E8D1A3FD3DD00790D93 /* Debug */,
				18080E8E1A3FD3DD00790D93 /* Release */,
			);
			defaultConfigurationIsVisible = 0;
		};
		18080E8F1A3FD3DD00790D93 /* Build configuration list for PBXNativeTarget "A03-复习代理Tests" */ = {
			isa = XCConfigurationList;
			buildConfigurations = (
				18080E901A3FD3DD00790D93 /* Debug */,
				18080E911A3FD3DD00790D93 /* Release */,
			);
			defaultConfigurationIsVisible = 0;
		};
/* End XCConfigurationList section */
	};
	rootObject = 18080E611A3FD3DC00790D93 /* Project object */;
}
