// !$*UTF8*$!
{
	archiveVersion = 1;
	classes = {
	};
	objectVersion = 46;
	objects = {

/* Begin PBXBuildFile section */
		181DE85F1A3FCB9500E85E2D /* main.m in Sources */ = {isa = PBXBuildFile; fileRef = 181DE85E1A3FCB9500E85E2D /* main.m */; };
		181DE8621A3FCB9500E85E2D /* AppDelegate.m in Sources */ = {isa = PBXBuildFile; fileRef = 181DE8611A3FCB9500E85E2D /* AppDelegate.m */; };
		181DE8651A3FCB9500E85E2D /* ViewController.m in Sources */ = {isa = PBXBuildFile; fileRef = 181DE8641A3FCB9500E85E2D /* ViewController.m */; };
		181DE8681A3FCB9500E85E2D /* Main.storyboard in Resources */ = {isa = PBXBuildFile; fileRef = 181DE8661A3FCB9500E85E2D /* Main.storyboard */; };
		181DE86A1A3FCB9500E85E2D /* Images.xcassets in Resources */ = {isa = PBXBuildFile; fileRef = 181DE8691A3FCB9500E85E2D /* Images.xcassets */; };
		181DE86D1A3FCB9500E85E2D /* LaunchScreen.xib in Resources */ = {isa = PBXBuildFile; fileRef = 181DE86B1A3FCB9500E85E2D /* LaunchScreen.xib */; };
		181DE8791A3FCB9500E85E2D /* A02_____Tests.m in Sources */ = {isa = PBXBuildFile; fileRef = 181DE8781A3FCB9500E85E2D /* A02_____Tests.m */; };
/* End PBXBuildFile section */

/* Begin PBXContainerItemProxy section */
		181DE8731A3FCB9500E85E2D /* PBXContainerItemProxy */ = {
			isa = PBXContainerItemProxy;
			containerPortal = 181DE8511A3FCB9400E85E2D /* Project object */;
			proxyType = 1;
			remoteGlobalIDString = 181DE8581A3FCB9500E85E2D;
			remoteInfo = "A02-喜马拉雅";
		};
/* End PBXContainerItemProxy section */

/* Begin PBXFileReference section */
		181DE8591A3FCB9500E85E2D /* A02-喜马拉雅.app */ = {isa = PBXFileReference; explicitFileType = wrapper.application; includeInIndex = 0; path = "A02-喜马拉雅.app"; sourceTree = BUILT_PRODUCTS_DIR; };
		181DE85D1A3FCB9500E85E2D /* Info.plist */ = {isa = PBXFileReference; lastKnownFileType = text.plist.xml; path = Info.plist; sourceTree = "<group>"; };
		181DE85E1A3FCB9500E85E2D /* main.m */ = {isa = PBXFileReference; lastKnownFileType = sourcecode.c.objc; path = main.m; sourceTree = "<group>"; };
		181DE8601A3FCB9500E85E2D /* AppDelegate.h */ = {isa = PBXFileReference; lastKnownFileType = sourcecode.c.h; path = AppDelegate.h; sourceTree = "<group>"; };
		181DE8611A3FCB9500E85E2D /* AppDelegate.m */ = {isa = PBXFileReference; lastKnownFileType = sourcecode.c.objc; path = AppDelegate.m; sourceTree = "<group>"; };
		181DE8631A3FCB9500E85E2D /* ViewController.h */ = {isa = PBXFileReference; lastKnownFileType = sourcecode.c.h; path = ViewController.h; sourceTree = "<group>"; };
		181DE8641A3FCB9500E85E2D /* ViewController.m */ = {isa = PBXFileReference; lastKnownFileType = sourcecode.c.objc; path = ViewController.m; sourceTree = "<group>"; };
		181DE8671A3FCB9500E85E2D /* Base */ = {isa = PBXFileReference; lastKnownFileType = file.storyboard; name = Base; path = Base.lproj/Main.storyboard; sourceTree = "<group>"; };
		181DE8691A3FCB9500E85E2D /* Images.xcassets */ = {isa = PBXFileReference; lastKnownFileType = folder.assetcatalog; path = Images.xcassets; sourceTree = "<group>"; };
		181DE86C1A3FCB9500E85E2D /* Base */ = {isa = PBXFileReference; lastKnownFileType = file.xib; name = Base; path = Base.lproj/LaunchScreen.xib; sourceTree = "<group>"; };
		181DE8721A3FCB9500E85E2D /* A02-喜马拉雅Tests.xctest */ = {isa = PBXFileReference; explicitFileType = wrapper.cfbundle; includeInIndex = 0; path = "A02-喜马拉雅Tests.xctest"; sourceTree = BUILT_PRODUCTS_DIR; };
		181DE8771A3FCB9500E85E2D /* Info.plist */ = {isa = PBXFileReference; lastKnownFileType = text.plist.xml; path = Info.plist; sourceTree = "<group>"; };
		181DE8781A3FCB9500E85E2D /* A02_____Tests.m */ = {isa = PBXFileReference; lastKnownFileType = sourcecode.c.objc; path = "A02_____Tests.m"; sourceTree = "<group>"; };
/* End PBXFileReference section */

/* Begin PBXFrameworksBuildPhase section */
		181DE8561A3FCB9500E85E2D /* Frameworks */ = {
			isa = PBXFrameworksBuildPhase;
			buildActionMask = 2147483647;
			files = (
			);
			runOnlyForDeploymentPostprocessing = 0;
		};
		181DE86F1A3FCB9500E85E2D /* Frameworks */ = {
			isa = PBXFrameworksBuildPhase;
			buildActionMask = 2147483647;
			files = (
			);
			runOnlyForDeploymentPostprocessing = 0;
		};
/* End PBXFrameworksBuildPhase section */

/* Begin PBXGroup section */
		181DE8501A3FCB9400E85E2D = {
			isa = PBXGroup;
			children = (
				181DE85B1A3FCB9500E85E2D /* A02-喜马拉雅 */,
				181DE8751A3FCB9500E85E2D /* A02-喜马拉雅Tests */,
				181DE85A1A3FCB9500E85E2D /* Products */,
			);
			sourceTree = "<group>";
		};
		181DE85A1A3FCB9500E85E2D /* Products */ = {
			isa = PBXGroup;
			children = (
				181DE8591A3FCB9500E85E2D /* A02-喜马拉雅.app */,
				181DE8721A3FCB9500E85E2D /* A02-喜马拉雅Tests.xctest */,
			);
			name = Products;
			sourceTree = "<group>";
		};
		181DE85B1A3FCB9500E85E2D /* A02-喜马拉雅 */ = {
			isa = PBXGroup;
			children = (
				181DE8601A3FCB9500E85E2D /* AppDelegate.h */,
				181DE8611A3FCB9500E85E2D /* AppDelegate.m */,
				181DE8631A3FCB9500E85E2D /* ViewController.h */,
				181DE8641A3FCB9500E85E2D /* ViewController.m */,
				181DE8661A3FCB9500E85E2D /* Main.storyboard */,
				181DE8691A3FCB9500E85E2D /* Images.xcassets */,
				181DE86B1A3FCB9500E85E2D /* LaunchScreen.xib */,
				181DE85C1A3FCB9500E85E2D /* Supporting Files */,
			);
			path = "A02-喜马拉雅";
			sourceTree = "<group>";
		};
		181DE85C1A3FCB9500E85E2D /* Supporting Files */ = {
			isa = PBXGroup;
			children = (
				181DE85D1A3FCB9500E85E2D /* Info.plist */,
				181DE85E1A3FCB9500E85E2D /* main.m */,
			);
			name = "Supporting Files";
			sourceTree = "<group>";
		};
		181DE8751A3FCB9500E85E2D /* A02-喜马拉雅Tests */ = {
			isa = PBXGroup;
			children = (
				181DE8781A3FCB9500E85E2D /* A02_____Tests.m */,
				181DE8761A3FCB9500E85E2D /* Supporting Files */,
			);
			path = "A02-喜马拉雅Tests";
			sourceTree = "<group>";
		};
		181DE8761A3FCB9500E85E2D /* Supporting Files */ = {
			isa = PBXGroup;
			children = (
				181DE8771A3FCB9500E85E2D /* Info.plist */,
			);
			name = "Supporting Files";
			sourceTree = "<group>";
		};
/* End PBXGroup section */

/* Begin PBXNativeTarget section */
		181DE8581A3FCB9500E85E2D /* A02-喜马拉雅 */ = {
			isa = PBXNativeTarget;
			buildConfigurationList = 181DE87C1A3FCB9500E85E2D /* Build configuration list for PBXNativeTarget "A02-喜马拉雅" */;
			buildPhases = (
				181DE8551A3FCB9500E85E2D /* Sources */,
				181DE8561A3FCB9500E85E2D /* Frameworks */,
				181DE8571A3FCB9500E85E2D /* Resources */,
			);
			buildRules = (
			);
			dependencies = (
			);
			name = "A02-喜马拉雅";
			productName = "A02-喜马拉雅";
			productReference = 181DE8591A3FCB9500E85E2D /* A02-喜马拉雅.app */;
			productType = "com.apple.product-type.application";
		};
		181DE8711A3FCB9500E85E2D /* A02-喜马拉雅Tests */ = {
			isa = PBXNativeTarget;
			buildConfigurationList = 181DE87F1A3FCB9500E85E2D /* Build configuration list for PBXNativeTarget "A02-喜马拉雅Tests" */;
			buildPhases = (
				181DE86E1A3FCB9500E85E2D /* Sources */,
				181DE86F1A3FCB9500E85E2D /* Frameworks */,
				181DE8701A3FCB9500E85E2D /* Resources */,
			);
			buildRules = (
			);
			dependencies = (
				181DE8741A3FCB9500E85E2D /* PBXTargetDependency */,
			);
			name = "A02-喜马拉雅Tests";
			productName = "A02-喜马拉雅Tests";
			productReference = 181DE8721A3FCB9500E85E2D /* A02-喜马拉雅Tests.xctest */;
			productType = "com.apple.product-type.bundle.unit-test";
		};
/* End PBXNativeTarget section */

/* Begin PBXProject section */
		181DE8511A3FCB9400E85E2D /* Project object */ = {
			isa = PBXProject;
			attributes = {
				LastUpgradeCheck = 0610;
				ORGANIZATIONNAME = itcast;
				TargetAttributes = {
					181DE8581A3FCB9500E85E2D = {
						CreatedOnToolsVersion = 6.1;
					};
					181DE8711A3FCB9500E85E2D = {
						CreatedOnToolsVersion = 6.1;
						TestTargetID = 181DE8581A3FCB9500E85E2D;
					};
				};
			};
			buildConfigurationList = 181DE8541A3FCB9400E85E2D /* Build configuration list for PBXProject "A02-喜马拉雅" */;
			compatibilityVersion = "Xcode 3.2";
			developmentRegion = English;
			hasScannedForEncodings = 0;
			knownRegions = (
				en,
				Base,
			);
			mainGroup = 181DE8501A3FCB9400E85E2D;
			productRefGroup = 181DE85A1A3FCB9500E85E2D /* Products */;
			projectDirPath = "";
			projectRoot = "";
			targets = (
				181DE8581A3FCB9500E85E2D /* A02-喜马拉雅 */,
				181DE8711A3FCB9500E85E2D /* A02-喜马拉雅Tests */,
			);
		};
/* End PBXProject section */

/* Begin PBXResourcesBuildPhase section */
		181DE8571A3FCB9500E85E2D /* Resources */ = {
			isa = PBXResourcesBuildPhase;
			buildActionMask = 2147483647;
			files = (
				181DE8681A3FCB9500E85E2D /* Main.storyboard in Resources */,
				181DE86D1A3FCB9500E85E2D /* LaunchScreen.xib in Resources */,
				181DE86A1A3FCB9500E85E2D /* Images.xcassets in Resources */,
			);
			runOnlyForDeploymentPostprocessing = 0;
		};
		181DE8701A3FCB9500E85E2D /* Resources */ = {
			isa = PBXResourcesBuildPhase;
			buildActionMask = 2147483647;
			files = (
			);
			runOnlyForDeploymentPostprocessing = 0;
		};
/* End PBXResourcesBuildPhase section */

/* Begin PBXSourcesBuildPhase section */
		181DE8551A3FCB9500E85E2D /* Sources */ = {
			isa = PBXSourcesBuildPhase;
			buildActionMask = 2147483647;
			files = (
				181DE8651A3FCB9500E85E2D /* ViewController.m in Sources */,
				181DE8621A3FCB9500E85E2D /* AppDelegate.m in Sources */,
				181DE85F1A3FCB9500E85E2D /* main.m in Sources */,
			);
			runOnlyForDeploymentPostprocessing = 0;
		};
		181DE86E1A3FCB9500E85E2D /* Sources */ = {
			isa = PBXSourcesBuildPhase;
			buildActionMask = 2147483647;
			files = (
				181DE8791A3FCB9500E85E2D /* A02_____Tests.m in Sources */,
			);
			runOnlyForDeploymentPostprocessing = 0;
		};
/* End PBXSourcesBuildPhase section */

/* Begin PBXTargetDependency section */
		181DE8741A3FCB9500E85E2D /* PBXTargetDependency */ = {
			isa = PBXTargetDependency;
			target = 181DE8581A3FCB9500E85E2D /* A02-喜马拉雅 */;
			targetProxy = 181DE8731A3FCB9500E85E2D /* PBXContainerItemProxy */;
		};
/* End PBXTargetDependency section */

/* Begin PBXVariantGroup section */
		181DE8661A3FCB9500E85E2D /* Main.storyboard */ = {
			isa = PBXVariantGroup;
			children = (
				181DE8671A3FCB9500E85E2D /* Base */,
			);
			name = Main.storyboard;
			sourceTree = "<group>";
		};
		181DE86B1A3FCB9500E85E2D /* LaunchScreen.xib */ = {
			isa = PBXVariantGroup;
			children = (
				181DE86C1A3FCB9500E85E2D /* Base */,
			);
			name = LaunchScreen.xib;
			sourceTree = "<group>";
		};
/* End PBXVariantGroup section */

/* Begin XCBuildConfiguration section */
		181DE87A1A3FCB9500E85E2D /* Debug */ = {
			isa = XCBuildConfiguration;
			buildSettings = {
				ALWAYS_SEARCH_USER_PATHS = NO;
				CLANG_CXX_LANGUAGE_STANDARD = "gnu++0x";
				CLANG_CXX_LIBRARY = "libc++";
				CLANG_ENABLE_MODULES = YES;
				CLANG_ENABLE_OBJC_ARC = YES;
				CLANG_WARN_BOOL_CONVERSION = YES;
				CLANG_WARN_CONSTANT_CONVERSION = YES;
				CLANG_WARN_DIRECT_OBJC_ISA_USAGE = YES_ERROR;
				CLANG_WARN_EMPTY_BODY = YES;
				CLANG_WARN_ENUM_CONVERSION = YES;
				CLANG_WARN_INT_CONVERSION = YES;
				CLANG_WARN_OBJC_ROOT_CLASS = YES_ERROR;
				CLANG_WARN_UNREACHABLE_CODE = YES;
				CLANG_WARN__DUPLICATE_METHOD_MATCH = YES;
				"CODE_SIGN_IDENTITY[sdk=iphoneos*]" = "iPhone Developer";
				COPY_PHASE_STRIP = NO;
				ENABLE_STRICT_OBJC_MSGSEND = YES;
				GCC_C_LANGUAGE_STANDARD = gnu99;
				GCC_DYNAMIC_NO_PIC = NO;
				GCC_OPTIMIZATION_LEVEL = 0;
				GCC_PREPROCESSOR_DEFINITIONS = (
					"DEBUG=1",
					"$(inherited)",
				);
				GCC_SYMBOLS_PRIVATE_EXTERN = NO;
				GCC_WARN_64_TO_32_BIT_CONVERSION = YES;
				GCC_WARN_ABOUT_RETURN_TYPE = YES_ERROR;
				GCC_WARN_UNDECLARED_SELECTOR = YES;
				GCC_WARN_UNINITIALIZED_AUTOS = YES_AGGRESSIVE;
				GCC_WARN_UNUSED_FUNCTION = YES;
				GCC_WARN_UNUSED_VARIABLE = YES;
				IPHONEOS_DEPLOYMENT_TARGET = 8.1;
				MTL_ENABLE_DEBUG_INFO = YES;
				ONLY_ACTIVE_ARCH = YES;
				SDKROOT = iphoneos;
			};
			name = Debug;
		};
		181DE87B1A3FCB9500E85E2D /* Release */ = {
			isa = XCBuildConfiguration;
			buildSettings = {
				ALWAYS_SEARCH_USER_PATHS = NO;
				CLANG_CXX_LANGUAGE_STANDARD = "gnu++0x";
				CLANG_CXX_LIBRARY = "libc++";
				CLANG_ENABLE_MODULES = YES;
				CLANG_ENABLE_OBJC_ARC = YES;
				CLANG_WARN_BOOL_CONVERSION = YES;
				CLANG_WARN_CONSTANT_CONVERSION = YES;
				CLANG_WARN_DIRECT_OBJC_ISA_USAGE = YES_ERROR;
				CLANG_WARN_EMPTY_BODY = YES;
				CLANG_WARN_ENUM_CONVERSION = YES;
				CLANG_WARN_INT_CONVERSION = YES;
				CLANG_WARN_OBJC_ROOT_CLASS = YES_ERROR;
				CLANG_WARN_UNREACHABLE_CODE = YES;
				CLANG_WARN__DUPLICATE_METHOD_MATCH = YES;
				"CODE_SIGN_IDENTITY[sdk=iphoneos*]" = "iPhone Developer";
				COPY_PHASE_STRIP = YES;
				ENABLE_NS_ASSERTIONS = NO;
				ENABLE_STRICT_OBJC_MSGSEND = YES;
				GCC_C_LANGUAGE_STANDARD = gnu99;
				GCC_WARN_64_TO_32_BIT_CONVERSION = YES;
				GCC_WARN_ABOUT_RETURN_TYPE = YES_ERROR;
				GCC_WARN_UNDECLARED_SELECTOR = YES;
				GCC_WARN_UNINITIALIZED_AUTOS = YES_AGGRESSIVE;
				GCC_WARN_UNUSED_FUNCTION = YES;
				GCC_WARN_UNUSED_VARIABLE = YES;
				IPHONEOS_DEPLOYMENT_TARGET = 8.1;
				MTL_ENABLE_DEBUG_INFO = NO;
				SDKROOT = iphoneos;
				VALIDATE_PRODUCT = YES;
			};
			name = Release;
		};
		181DE87D1A3FCB9500E85E2D /* Debug */ = {
			isa = XCBuildConfiguration;
			buildSettings = {
				ASSETCATALOG_COMPILER_APPICON_NAME = AppIcon;
				ASSETCATALOG_COMPILER_LAUNCHIMAGE_NAME = LaunchImage;
				INFOPLIST_FILE = "A02-喜马拉雅/Info.plist";
				LD_RUNPATH_SEARCH_PATHS = "$(inherited) @executable_path/Frameworks";
				PRODUCT_NAME = "$(TARGET_NAME)";
			};
			name = Debug;
		};
		181DE87E1A3FCB9500E85E2D /* Release */ = {
			isa = XCBuildConfiguration;
			buildSettings = {
				ASSETCATALOG_COMPILER_APPICON_NAME = AppIcon;
				ASSETCATALOG_COMPILER_LAUNCHIMAGE_NAME = LaunchImage;
				INFOPLIST_FILE = "A02-喜马拉雅/Info.plist";
				LD_RUNPATH_SEARCH_PATHS = "$(inherited) @executable_path/Frameworks";
				PRODUCT_NAME = "$(TARGET_NAME)";
			};
			name = Release;
		};
		181DE8801A3FCB9500E85E2D /* Debug */ = {
			isa = XCBuildConfiguration;
			buildSettings = {
				BUNDLE_LOADER = "$(TEST_HOST)";
				FRAMEWORK_SEARCH_PATHS = (
					"$(SDKROOT)/Developer/Library/Frameworks",
					"$(inherited)",
				);
				GCC_PREPROCESSOR_DEFINITIONS = (
					"DEBUG=1",
					"$(inherited)",
				);
				INFOPLIST_FILE = "A02-喜马拉雅Tests/Info.plist";
				LD_RUNPATH_SEARCH_PATHS = "$(inherited) @executable_path/Frameworks @loader_path/Frameworks";
				PRODUCT_NAME = "$(TARGET_NAME)";
				TEST_HOST = "$(BUILT_PRODUCTS_DIR)/A02-喜马拉雅.app/A02-喜马拉雅";
			};
			name = Debug;
		};
		181DE8811A3FCB9500E85E2D /* Release */ = {
			isa = XCBuildConfiguration;
			buildSettings = {
				BUNDLE_LOADER = "$(TEST_HOST)";
				FRAMEWORK_SEARCH_PATHS = (
					"$(SDKROOT)/Developer/Library/Frameworks",
					"$(inherited)",
				);
				INFOPLIST_FILE = "A02-喜马拉雅Tests/Info.plist";
				LD_RUNPATH_SEARCH_PATHS = "$(inherited) @executable_path/Frameworks @loader_path/Frameworks";
				PRODUCT_NAME = "$(TARGET_NAME)";
				TEST_HOST = "$(BUILT_PRODUCTS_DIR)/A02-喜马拉雅.app/A02-喜马拉雅";
			};
			name = Release;
		};
/* End XCBuildConfiguration section */

/* Begin XCConfigurationList section */
		181DE8541A3FCB9400E85E2D /* Build configuration list for PBXProject "A02-喜马拉雅" */ = {
			isa = XCConfigurationList;
			buildConfigurations = (
				181DE87A1A3FCB9500E85E2D /* Debug */,
				181DE87B1A3FCB9500E85E2D /* Release */,
			);
			defaultConfigurationIsVisible = 0;
			defaultConfigurationName = Release;
		};
		181DE87C1A3FCB9500E85E2D /* Build configuration list for PBXNativeTarget "A02-喜马拉雅" */ = {
			isa = XCConfigurationList;
			buildConfigurations = (
				181DE87D1A3FCB9500E85E2D /* Debug */,
				181DE87E1A3FCB9500E85E2D /* Release */,
			);
			defaultConfigurationIsVisible = 0;
		};
		181DE87F1A3FCB9500E85E2D /* Build configuration list for PBXNativeTarget "A02-喜马拉雅Tests" */ = {
			isa = XCConfigurationList;
			buildConfigurations = (
				181DE8801A3FCB9500E85E2D /* Debug */,
				181DE8811A3FCB9500E85E2D /* Release */,
			);
			defaultConfigurationIsVisible = 0;
		};
/* End XCConfigurationList section */
	};
	rootObject = 181DE8511A3FCB9400E85E2D /* Project object */;
}
